
Microsoft Visual Studio Solution File, Format Version 12.00
# Visual Studio Version 17
VisualStudioVersion = 17.9.34701.34
MinimumVisualStudioVersion = 10.0.40219.1
Project("{9A19103F-16F7-4668-BE54-9A1E7A4F7556}") = "CleanArch.Domain", "CleanArch.Domain\CleanArch.Domain.csproj", "{E7D5F4A2-6759-41EC-B631-A606BFFC34F0}"
EndProject
Project("{9A19103F-16F7-4668-BE54-9A1E7A4F7556}") = "CleanArch.Application", "CleanArch.Application\CleanArch.Application.csproj", "{8CA60FCF-1146-4C0D-B3CC-498CD46F1BA6}"
EndProject
Project("{9A19103F-16F7-4668-BE54-9A1E7A4F7556}") = "CleanArch.Infra.Data", "CleanArch.Infra.Data\CleanArch.Infra.Data.csproj", "{A71CA05A-9A68-43FF-BD87-E9514C70CAEB}"
EndProject
Project("{9A19103F-16F7-4668-BE54-9A1E7A4F7556}") = "CleanArch.Infra.IoC", "CleanArch.Infra.IoC\CleanArch.Infra.IoC.csproj", "{30E62E85-CAAF-4273-B251-E14EF7DED449}"
EndProject
Project("{9A19103F-16F7-4668-BE54-9A1E7A4F7556}") = "CleanArch.WebUI", "CleanArch.WebUI\CleanArch.WebUI.csproj", "{849618FF-3D0C-4874-87F3-3ABA88D5B944}"
EndProject
Project("{9A19103F-16F7-4668-BE54-9A1E7A4F7556}") = "CleanArch.Domain.Tests", "CleanArch.Domain.Tests\CleanArch.Domain.Tests.csproj", "{71A13888-B3EB-462F-A189-BCF3CEF82563}"
EndProject
Project("{FAE04EC0-301F-11D3-BF4B-00C04F79EFBC}") = "CleanArch.API", "CleanArch.API\CleanArch.API.csproj", "{1F67AE42-A124-456F-8D4E-CFCFE2E41043}"
EndProject
Global
	GlobalSection(SolutionConfigurationPlatforms) = preSolution
		Debug|Any CPU = Debug|Any CPU
		Release|Any CPU = Release|Any CPU
	EndGlobalSection
	GlobalSection(ProjectConfigurationPlatforms) = postSolution
		{E7D5F4A2-6759-41EC-B631-A606BFFC34F0}.Debug|Any CPU.ActiveCfg = Debug|Any CPU
		{E7D5F4A2-6759-41EC-B631-A606BFFC34F0}.Debug|Any CPU.Build.0 = Debug|Any CPU
		{E7D5F4A2-6759-41EC-B631-A606BFFC34F0}.Release|Any CPU.ActiveCfg = Release|Any CPU
		{E7D5F4A2-6759-41EC-B631-A606BFFC34F0}.Release|Any CPU.Build.0 = Release|Any CPU
		{8CA60FCF-1146-4C0D-B3CC-498CD46F1BA6}.Debug|Any CPU.ActiveCfg = Debug|Any CPU
		{8CA60FCF-1146-4C0D-B3CC-498CD46F1BA6}.Debug|Any CPU.Build.0 = Debug|Any CPU
		{8CA60FCF-1146-4C0D-B3CC-498CD46F1BA6}.Release|Any CPU.ActiveCfg = Release|Any CPU
		{8CA60FCF-1146-4C0D-B3CC-498CD46F1BA6}.Release|Any CPU.Build.0 = Release|Any CPU
		{A71CA05A-9A68-43FF-BD87-E9514C70CAEB}.Debug|Any CPU.ActiveCfg = Debug|Any CPU
		{A71CA05A-9A68-43FF-BD87-E9514C70CAEB}.Debug|Any CPU.Build.0 = Debug|Any CPU
		{A71CA05A-9A68-43FF-BD87-E9514C70CAEB}.Release|Any CPU.ActiveCfg = Release|Any CPU
		{A71CA05A-9A68-43FF-BD87-E9514C70CAEB}.Release|Any CPU.Build.0 = Release|Any CPU
		{30E62E85-CAAF-4273-B251-E14EF7DED449}.Debug|Any CPU.ActiveCfg = Debug|Any CPU
		{30E62E85-CAAF-4273-B251-E14EF7DED449}.Debug|Any CPU.Build.0 = Debug|Any CPU
		{30E62E85-CAAF-4273-B251-E14EF7DED449}.Release|Any CPU.ActiveCfg = Release|Any CPU
		{30E62E85-CAAF-4273-B251-E14EF7DED449}.Release|Any CPU.Build.0 = Release|Any CPU
		{849618FF-3D0C-4874-87F3-3ABA88D5B944}.Debug|Any CPU.ActiveCfg = Debug|Any CPU
		{849618FF-3D0C-4874-87F3-3ABA88D5B944}.Debug|Any CPU.Build.0 = Debug|Any CPU
		{849618FF-3D0C-4874-87F3-3ABA88D5B944}.Release|Any CPU.ActiveCfg = Release|Any CPU
		{849618FF-3D0C-4874-87F3-3ABA88D5B944}.Release|Any CPU.Build.0 = Release|Any CPU
		{71A13888-B3EB-462F-A189-BCF3CEF82563}.Debug|Any CPU.ActiveCfg = Debug|Any CPU
		{71A13888-B3EB-462F-A189-BCF3CEF82563}.Debug|Any CPU.Build.0 = Debug|Any CPU
		{71A13888-B3EB-462F-A189-BCF3CEF82563}.Release|Any CPU.ActiveCfg = Release|Any CPU
		{71A13888-B3EB-462F-A189-BCF3CEF82563}.Release|Any CPU.Build.0 = Release|Any CPU
		{1F67AE42-A124-456F-8D4E-CFCFE2E41043}.Debug|Any CPU.ActiveCfg = Debug|Any CPU
		{1F67AE42-A124-456F-8D4E-CFCFE2E41043}.Debug|Any CPU.Build.0 = Debug|Any CPU
		{1F67AE42-A124-456F-8D4E-CFCFE2E41043}.Release|Any CPU.ActiveCfg = Release|Any CPU
		{1F67AE42-A124-456F-8D4E-CFCFE2E41043}.Release|Any CPU.Build.0 = Release|Any CPU
	EndGlobalSection
	GlobalSection(SolutionProperties) = preSolution
		HideSolutionNode = FALSE
	EndGlobalSection
	GlobalSection(ExtensibilityGlobals) = postSolution
		SolutionGuid = {03390012-36D8-43F9-9077-FD484F7780BA}
	EndGlobalSection
EndGlobal
